
Microsoft Visual Studio Solution File, Format Version 12.00
# Visual Studio Version 17
VisualStudioVersion = 17.8.34511.84
MinimumVisualStudioVersion = 10.0.40219.1
Project("{FAE04EC0-301F-11D3-BF4B-00C04F79EFBC}") = "LC_DressGirlExtendAudio", "LC_DressGirlExtendAudio\LC_DressGirlExtendAudio.csproj", "{672B4602-A3A5-4572-9785-A007665CF49E}"
EndProject
Global
	GlobalSection(SolutionConfigurationPlatforms) = preSolution
		Debug|Any CPU = Debug|Any CPU
		Release|Any CPU = Release|Any CPU
	EndGlobalSection
	GlobalSection(ProjectConfigurationPlatforms) = postSolution
		{672B4602-A3A5-4572-9785-A007665CF49E}.Debug|Any CPU.ActiveCfg = Debug|Any CPU
		{672B4602-A3A5-4572-9785-A007665CF49E}.Debug|Any CPU.Build.0 = Debug|Any CPU
		{672B4602-A3A5-4572-9785-A007665CF49E}.Release|Any CPU.ActiveCfg = Release|Any CPU
		{672B4602-A3A5-4572-9785-A007665CF49E}.Release|Any CPU.Build.0 = Release|Any CPU
	EndGlobalSection
	GlobalSection(SolutionProperties) = preSolution
		HideSolutionNode = FALSE
	EndGlobalSection
	GlobalSection(ExtensibilityGlobals) = postSolution
		SolutionGuid = {21EF2660-45EC-4244-A854-C4CF2AD218FC}
	EndGlobalSection
EndGlobal
